{
  "name": "keyize-testing",
  "version": "1.0.0",
  "lockfileVersion": 3,
  "requires": true,
  "packages": {
    "": {
      "name": "keyize-testing",
      "version": "1.0.0",
      "license": "MIT",
      "dependencies": {
        "keyize": "^2.0.0"
      }
    },
    "node_modules/keyize": {
      "version": "2.0.0",
      "resolved": "https://registry.npmjs.org/keyize/-/keyize-2.0.0.tgz",
      "integrity": "sha512-/vCfbCXH4LSsIlnfsKloNBqwBNL9oy9G9/Xd90Sk7dnJhdJ1UB72spo4u7Gzsi2bAe+yf0RDs9t4b/22i13SDQ=="
    }
  }
}
